{"SurveyEntry":{"SurveyID":"SV_grcAcbc2026","SurveyName":"GRC Buyer Conjoint Study (UX1-275)","SurveyDescription":"Adaptive Choice-Based Conjoint (ACBC) for GRC buyer preferences. Q3 2026. UX1-275. Engine: moliver-UXR/grc-acbc-engine.","SurveyOwnerID":"UR_placeholder","SurveyBrandID":"placeholder","DivisionID":null,"SurveyLanguage":"EN","SurveyActiveResponseSet":"RS_placeholder","SurveyStatus":"Inactive","SurveyStartDate":"0000-00-00 00:00:00","SurveyExpirationDate":"0000-00-00 00:00:00","SurveyCreationDate":"2026-06-24 00:00:00","CreatorID":"UR_placeholder","LastModified":"2026-06-24 00:00:00","LastAccessed":"0000-00-00 00:00:00","LastActivated":"0000-00-00 00:00:00","Deleted":null},"SurveyElements":[{"SurveyID":"SV_grcAcbc2026","Element":"BL","PrimaryAttribute":"Survey Blocks","SecondaryAttribute":null,"TertiaryAttribute":null,"Payload":[{"Type":"Default","SubType":"","Description":"Consent and Screener","ID":"BL_consent","BlockElements":[{"Type":"Question","QuestionID":"QID_intro"},{"Type":"Question","QuestionID":"QID_s1","SkipLogic":[{"SkipLogicID":1,"ChoiceLocator":"q://QID_s1/SelectableChoice/5","Condition":"Selected","SkipToDestination":"ENDOFSURVEY","Locator":"q://QID_s1/SelectableChoice/5","Description":"Role: Other — does not qualify","QuestionID":"QID_s1"}]},{"Type":"Question","QuestionID":"QID_s2","SkipLogic":[{"SkipLogicID":1,"ChoiceLocator":"q://QID_s2/SelectableChoice/1","Condition":"Selected","SkipToDestination":"ENDOFSURVEY","Locator":"q://QID_s2/SelectableChoice/1","Description":"Fewer than 100 employees — does not qualify","QuestionID":"QID_s2"}]},{"Type":"Question","QuestionID":"QID_s3","SkipLogic":[{"SkipLogicID":1,"ChoiceLocator":"q://QID_s3/SelectableChoice/2","Condition":"Selected","SkipToDestination":"ENDOFSURVEY","Locator":"q://QID_s3/SelectableChoice/2","Description":"No GRC platform in use — does not qualify","QuestionID":"QID_s3"}]},{"Type":"Question","QuestionID":"QID_s4","SkipLogic":[{"SkipLogicID":1,"ChoiceLocator":"q://QID_s4/SelectableChoice/4","Condition":"Selected","SkipToDestination":"ENDOFSURVEY","Locator":"q://QID_s4/SelectableChoice/4","Description":"Minimal involvement — does not qualify","QuestionID":"QID_s4"}]}],"Options":{"BlockLocking":"false","RandomizeQuestions":"false","Looping":"None","LoopingOptions":null}},{"Type":"Default","SubType":"","Description":"Buyer Profile","ID":"BL_profile","BlockElements":[{"Type":"Question","QuestionID":"QIDsegment"},{"Type":"Question","QuestionID":"QIDframeworks"},{"Type":"Question","QuestionID":"QIDprovider"},{"Type":"Question","QuestionID":"QIDdeployment"},{"Type":"Question","QuestionID":"QIDaicomfort"},{"Type":"Question","QuestionID":"QIDtprm"},{"Type":"Question","QuestionID":"QIDproductarea"},{"Type":"Question","QuestionID":"QIDttv"}],"Options":{"BlockLocking":"false","RandomizeQuestions":"false","Looping":"None","LoopingOptions":null}},{"Type":"Standard","SubType":"","Description":"ACBC Task — Loop and Merge x40, early end when acbcDone=true","ID":"BL_acbc","BlockElements":[{"Type":"Question","QuestionID":"QID_acbc"}],"Options":{"BlockLocking":"false","RandomizeQuestions":"false","Looping":"Loop&Merge","LoopingOptions":{"LoopType":"Static","StaticLoopCount":"40","EarlyEndCondition":{"Field":"acbcDone","Value":"true","Operator":"Equals"}}}},{"Type":"Default","SubType":"","Description":"Close-out","ID":"BL_closeout","BlockElements":[{"Type":"Question","QuestionID":"QID_co1"},{"Type":"Question","QuestionID":"QID_thanks"}],"Options":{"BlockLocking":"false","RandomizeQuestions":"false","Looping":"None","LoopingOptions":null}}]},{"SurveyID":"SV_grcAcbc2026","Element":"FL","PrimaryAttribute":"Survey Flow","SecondaryAttribute":null,"TertiaryAttribute":null,"Payload":{"Type":"Root","FlowID":"FL_1","Flow":[{"Type":"EmbeddedData","FlowID":"FL_2","EmbeddedData":[{"Description":"acbcEngineUrl","Type":"Recipient","Field":"acbcEngineUrl","VariableType":"Nominal","DataVisibility":[],"Value":"https://your-engine-host.com"},{"Description":"acbcSessionId","Type":"Recipient","Field":"acbcSessionId","VariableType":"Nominal","DataVisibility":[],"Value":""},{"Description":"acbcTaskJson","Type":"Recipient","Field":"acbcTaskJson","VariableType":"Nominal","DataVisibility":[],"Value":""},{"Description":"acbcPhase","Type":"Recipient","Field":"acbcPhase","VariableType":"Nominal","DataVisibility":[],"Value":""},{"Description":"acbcIteration","Type":"Recipient","Field":"acbcIteration","VariableType":"Nominal","DataVisibility":[],"Value":"0"},{"Description":"acbcDone","Type":"Recipient","Field":"acbcDone","VariableType":"Nominal","DataVisibility":[],"Value":"false"},{"Description":"acbcChoice","Type":"Recipient","Field":"acbcChoice","VariableType":"Nominal","DataVisibility":[],"Value":""},{"Description":"acbcTaskId","Type":"Recipient","Field":"acbcTaskId","VariableType":"Nominal","DataVisibility":[],"Value":""},{"Description":"acbcTaskType","Type":"Recipient","Field":"acbcTaskType","VariableType":"Nominal","DataVisibility":[],"Value":""},{"Description":"acbcLastTaskFull","Type":"Recipient","Field":"acbcLastTaskFull","VariableType":"Nominal","DataVisibility":[],"Value":""},{"Description":"profile_segment","Type":"Recipient","Field":"profile_segment","VariableType":"Nominal","DataVisibility":[],"Value":""},{"Description":"profile_currentProvider","Type":"Recipient","Field":"profile_currentProvider","VariableType":"Nominal","DataVisibility":[],"Value":""},{"Description":"profile_frameworks","Type":"Recipient","Field":"profile_frameworks","VariableType":"Nominal","DataVisibility":[],"Value":""},{"Description":"profile_deploymentPref","Type":"Recipient","Field":"profile_deploymentPref","VariableType":"Nominal","DataVisibility":[],"Value":""},{"Description":"profile_aiComfort","Type":"Recipient","Field":"profile_aiComfort","VariableType":"Nominal","DataVisibility":[],"Value":""},{"Description":"profile_tprmActive","Type":"Recipient","Field":"profile_tprmActive","VariableType":"Nominal","DataVisibility":[],"Value":""},{"Description":"profile_product_area","Type":"Recipient","Field":"profile_product_area","VariableType":"Nominal","DataVisibility":[],"Value":""},{"Description":"profile_ttv_importance","Type":"Recipient","Field":"profile_ttv_importance","VariableType":"Nominal","DataVisibility":[],"Value":""},{"Description":"QID_segment_recode","Type":"Recipient","Field":"QID_segment_recode","VariableType":"Nominal","DataVisibility":[],"Value":"${q://QIDsegment/SelectedChoicesRecode}"},{"Description":"QID_deployment_recode","Type":"Recipient","Field":"QID_deployment_recode","VariableType":"Nominal","DataVisibility":[],"Value":"${q://QIDdeployment/SelectedChoicesRecode}"},{"Description":"QID_ai_comfort_recode","Type":"Recipient","Field":"QID_ai_comfort_recode","VariableType":"Nominal","DataVisibility":[],"Value":"${q://QIDaicomfort/SelectedChoicesRecode}"},{"Description":"QID_tprm_recode","Type":"Recipient","Field":"QID_tprm_recode","VariableType":"Nominal","DataVisibility":[],"Value":"${q://QIDtprm/SelectedChoicesRecode}"},{"Description":"QID_frameworks_recodes","Type":"Recipient","Field":"QID_frameworks_recodes","VariableType":"Nominal","DataVisibility":[],"Value":"${q://QIDframeworks/SelectedChoicesRecode}"},{"Description":"QID_provider_text","Type":"Recipient","Field":"QID_provider_text","VariableType":"Nominal","DataVisibility":[],"Value":"${q://QIDprovider/ChoiceTextEntryValue}"},{"Description":"QID_product_area_recode","Type":"Recipient","Field":"QID_product_area_recode","VariableType":"Nominal","DataVisibility":[],"Value":"${q://QIDproductarea/SelectedChoicesRecode}"},{"Description":"QID_ttv_importance_recode","Type":"Recipient","Field":"QID_ttv_importance_recode","VariableType":"Nominal","DataVisibility":[],"Value":"${q://QIDttv/SelectedChoicesRecode}"}]},{"Type":"Block","FlowID":"FL_3","BlockID":"BL_consent"},{"Type":"Block","FlowID":"FL_4","BlockID":"BL_profile"},{"Type":"WebService","FlowID":"FL_5","URL":"${e://Field/acbcEngineUrl}/init","Method":"POST","RequestParams":[],"EditBodyParams":[{"key":"studyId","value":"grc-q3-2026"},{"key":"respondentId","value":"${e://Field/ResponseID}"},{"key":"qualtricsResponseId","value":"${e://Field/ResponseID}"},{"key":"profile.segment","value":"${e://Field/profile_segment}"},{"key":"profile.currentProvider","value":"${e://Field/profile_currentProvider}"},{"key":"profile.frameworks","value":"${e://Field/profile_frameworks}"},{"key":"profile.deploymentPref","value":"${e://Field/profile_deploymentPref}"},{"key":"profile.aiComfort","value":"${e://Field/profile_aiComfort}"},{"key":"profile.tprmActive","value":"${e://Field/profile_tprmActive}"}],"Body":[],"ContentType":"application/json","Headers":[{"key":"Content-Type","value":"application/json"}],"ResponseMap":[{"key":"sessionId","value":"acbcSessionId"},{"key":"acbcTaskJson","value":"acbcTaskJson"},{"key":"acbcPhase","value":"acbcPhase"},{"key":"acbcIteration","value":"acbcIteration"},{"key":"acbcDone","value":"acbcDone"}],"FireAndForget":false},{"Type":"LoopingBlock","FlowID":"FL_6","BlockID":"BL_acbc","Flow":[{"Type":"Block","FlowID":"FL_7","BlockID":"BL_acbc"},{"Type":"WebService","FlowID":"FL_8","URL":"${e://Field/acbcEngineUrl}/next","Method":"POST","RequestParams":[],"EditBodyParams":[{"key":"sessionId","value":"${e://Field/acbcSessionId}"},{"key":"taskId","value":"${e://Field/acbcTaskId}"},{"key":"taskType","value":"${e://Field/acbcTaskType}"},{"key":"choice","value":"${e://Field/acbcChoice}"}],"Body":[],"ContentType":"application/json","Headers":[{"key":"Content-Type","value":"application/json"}],"ResponseMap":[{"key":"sessionId","value":"acbcSessionId"},{"key":"acbcTaskJson","value":"acbcTaskJson"},{"key":"acbcPhase","value":"acbcPhase"},{"key":"acbcIteration","value":"acbcIteration"},{"key":"acbcDone","value":"acbcDone"}],"FireAndForget":false}],"LoopingOptions":{"LoopType":"Static","StaticLoopCount":"40","EarlyEndCondition":{"Field":"acbcDone","Value":"true","Operator":"Equals"}}},{"Type":"Block","FlowID":"FL_9","BlockID":"BL_closeout"}],"Properties":{"Count":9}}},{"SurveyID":"SV_grcAcbc2026","Element":"SO","PrimaryAttribute":"Survey Options","SecondaryAttribute":null,"TertiaryAttribute":null,"Payload":{"BackButton":"false","SaveAndContinue":"true","SurveyProtection":"PublicSurvey","BallotBoxStuffingPrevention":"false","NoIndex":"Yes","SecureResponseFiles":"true","SurveyExpiration":null,"SurveyTermination":"DefaultMessage","Header":"","Footer":"","ProgressBarDisplay":"Text","PartialData":"+1 week","PreviousButton":"","NextButton":"Next »","SkinLibrary":"Qualtrics","SkinType":"MQ","Skin":"minimal","NewScoring":1,"EOSMessage":"","ShowExportTags":"false","CollectGeoLocation":"false","AnonymizeResponse":"No","RefererCheck":"No","PasswordProtection":"No","ValidateMessage":"false","InactiveSurvey":"DefaultMessage","PartialDataCloseAfter":"LastActivity","AvailableLanguages":{"EN":[]}}},{"SurveyID":"SV_grcAcbc2026","Element":"QC","PrimaryAttribute":"Survey Question Count","SecondaryAttribute":"15","TertiaryAttribute":null,"Payload":null},{"SurveyID":"SV_grcAcbc2026","Element":"SQ","PrimaryAttribute":"QID_intro","SecondaryAttribute":"<h2>GRC Platform Preferences Study</h2><p>Thank you for participating. This 15 t","TertiaryAttribute":null,"Payload":{"QuestionText":"<h2>GRC Platform Preferences Study</h2><p>Thank you for participating. This 15 to 20 minute survey explores how organizations evaluate and select governance, risk, and compliance (GRC) platforms. Your responses are confidential and used only for research.</p><p><strong>Eligibility:</strong> This survey is for professionals involved in evaluating, selecting, or using GRC software at organizations with 100+ employees.</p>","DefaultChoices":false,"DataExportTag":"intro","QuestionType":"DB","Selector":"TB","Configuration":{"QuestionDescriptionOption":"UseText"},"QuestionDescription":"<h2>GRC Platform Preferences Study</h2><p>Thank you for participating. This 15 t","GradingData":[],"Language":[],"QuestionID":"QID_intro","DataVisibility":{"Private":false,"Hidden":false}}},{"SurveyID":"SV_grcAcbc2026","Element":"SQ","PrimaryAttribute":"QID_s1","SecondaryAttribute":"Which of the following best describes your primary role?","TertiaryAttribute":null,"Payload":{"QuestionText":"Which of the following best describes your primary role?","DefaultChoices":false,"DataExportTag":"screener_role","QuestionType":"MC","Selector":"SAVR","SubSelector":"TX","Configuration":{"QuestionDescriptionOption":"UseText"},"QuestionDescription":"Which of the following best describes your primary role?","Choices":{"1":{"Display":"Head of GRC, Compliance, or Risk Management","RecodeValue":"1"},"2":{"Display":"IT, Security, or Technology Leadership","RecodeValue":"2"},"3":{"Display":"Finance, Audit, or Internal Controls Leadership","RecodeValue":"3"},"4":{"Display":"Operations or Business Process Leadership","RecodeValue":"4"},"5":{"Display":"Other (does not qualify)"}},"ChoiceOrder":[1,2,3,4,5],"Validation":{"Settings":{"ForceResponse":"OFF","ForceResponseType":"ON","Type":"None"}},"GradingData":[],"Language":[],"QuestionID":"QID_s1","DataVisibility":{"Private":false,"Hidden":false}}},{"SurveyID":"SV_grcAcbc2026","Element":"SQ","PrimaryAttribute":"QID_s2","SecondaryAttribute":"How many employees does your organization have?","TertiaryAttribute":null,"Payload":{"QuestionText":"How many employees does your organization have?","DefaultChoices":false,"DataExportTag":"screener_size","QuestionType":"MC","Selector":"SAVR","SubSelector":"TX","Configuration":{"QuestionDescriptionOption":"UseText"},"QuestionDescription":"How many employees does your organization have?","Choices":{"1":{"Display":"Fewer than 100 employees (does not qualify)"},"2":{"Display":"100-499 employees","RecodeValue":"2"},"3":{"Display":"500-1,999 employees","RecodeValue":"3"},"4":{"Display":"2,000-9,999 employees","RecodeValue":"4"},"5":{"Display":"10,000+ employees","RecodeValue":"5"}},"ChoiceOrder":[1,2,3,4,5],"Validation":{"Settings":{"ForceResponse":"OFF","ForceResponseType":"ON","Type":"None"}},"GradingData":[],"Language":[],"QuestionID":"QID_s2","DataVisibility":{"Private":false,"Hidden":false}}},{"SurveyID":"SV_grcAcbc2026","Element":"SQ","PrimaryAttribute":"QID_s3","SecondaryAttribute":"Does your organization currently use a dedicated GRC or compliance management pl","TertiaryAttribute":null,"Payload":{"QuestionText":"Does your organization currently use a dedicated GRC or compliance management platform?","DefaultChoices":false,"DataExportTag":"screener_grc","QuestionType":"MC","Selector":"SAVR","SubSelector":"TX","Configuration":{"QuestionDescriptionOption":"UseText"},"QuestionDescription":"Does your organization currently use a dedicated GRC or compliance management pl","Choices":{"1":{"Display":"Yes, we have a dedicated GRC/compliance platform","RecodeValue":"1"},"2":{"Display":"No, we use spreadsheets or general-purpose tools (does not qualify)"},"3":{"Display":"We are currently evaluating GRC platforms","RecodeValue":"3"}},"ChoiceOrder":[1,2,3],"Validation":{"Settings":{"ForceResponse":"OFF","ForceResponseType":"ON","Type":"None"}},"GradingData":[],"Language":[],"QuestionID":"QID_s3","DataVisibility":{"Private":false,"Hidden":false}}},{"SurveyID":"SV_grcAcbc2026","Element":"SQ","PrimaryAttribute":"QID_s4","SecondaryAttribute":"Which best describes your involvement in GRC technology decisions at your organi","TertiaryAttribute":null,"Payload":{"QuestionText":"Which best describes your involvement in GRC technology decisions at your organization?","DefaultChoices":false,"DataExportTag":"screener_involvement","QuestionType":"MC","Selector":"SAVR","SubSelector":"TX","Configuration":{"QuestionDescriptionOption":"UseText"},"QuestionDescription":"Which best describes your involvement in GRC technology decisions at your organi","Choices":{"1":{"Display":"I am the final decision maker","RecodeValue":"1"},"2":{"Display":"I have strong influence on the decision","RecodeValue":"2"},"3":{"Display":"I participate in research and evaluation","RecodeValue":"3"},"4":{"Display":"Minimal involvement in these decisions (does not qualify)"}},"ChoiceOrder":[1,2,3,4],"Validation":{"Settings":{"ForceResponse":"OFF","ForceResponseType":"ON","Type":"None"}},"GradingData":[],"Language":[],"QuestionID":"QID_s4","DataVisibility":{"Private":false,"Hidden":false}}},{"SurveyID":"SV_grcAcbc2026","Element":"SQ","PrimaryAttribute":"QIDsegment","SecondaryAttribute":"Which best describes your organization?","TertiaryAttribute":null,"Payload":{"QuestionText":"Which best describes your organization?","DefaultChoices":false,"DataExportTag":"profile_segment_raw","QuestionType":"MC","Selector":"SAVR","SubSelector":"TX","Configuration":{"QuestionDescriptionOption":"UseText"},"QuestionDescription":"Which best describes your organization?","Choices":{"1":{"Display":"Small business (under 100 employees)","RecodeValue":"1"},"2":{"Display":"Mid-market (100-999 employees)","RecodeValue":"2"},"3":{"Display":"Enterprise (1,000-4,999 employees)","RecodeValue":"3"},"4":{"Display":"Large enterprise (5,000+ employees)","RecodeValue":"4"}},"ChoiceOrder":[1,2,3,4],"Validation":{"Settings":{"ForceResponse":"OFF","ForceResponseType":"ON","Type":"None"}},"GradingData":[],"Language":[],"QuestionID":"QIDsegment","DataVisibility":{"Private":false,"Hidden":false}}},{"SurveyID":"SV_grcAcbc2026","Element":"SQ","PrimaryAttribute":"QIDframeworks","SecondaryAttribute":"Which regulatory frameworks apply to your organization? <em>Select all that appl","TertiaryAttribute":null,"Payload":{"QuestionText":"Which regulatory frameworks apply to your organization? <em>Select all that apply.</em>","DefaultChoices":false,"DataExportTag":"profile_frameworks_raw","QuestionType":"MC","Selector":"MAVR","SubSelector":"TX","Configuration":{"QuestionDescriptionOption":"UseText"},"QuestionDescription":"Which regulatory frameworks apply to your organization?","Choices":{"1":{"Display":"SOX (Sarbanes-Oxley)","RecodeValue":"SOX"},"2":{"Display":"ISO 27001","RecodeValue":"ISO27001"},"3":{"Display":"SOC 2 Type II","RecodeValue":"SOC2"},"4":{"Display":"GDPR","RecodeValue":"GDPR"},"5":{"Display":"DORA (EU Digital Operational Resilience Act)","RecodeValue":"DORA"},"6":{"Display":"EU AI Act","RecodeValue":"EU_AI_Act"},"7":{"Display":"HIPAA","RecodeValue":"HIPAA"},"8":{"Display":"Other","RecodeValue":"Other"}},"ChoiceOrder":[1,2,3,4,5,6,7,8],"Validation":{"Settings":{"ForceResponse":"OFF","ForceResponseType":"ON","Type":"None"}},"GradingData":[],"Language":[],"QuestionID":"QIDframeworks","DataVisibility":{"Private":false,"Hidden":false}}},{"SurveyID":"SV_grcAcbc2026","Element":"SQ","PrimaryAttribute":"QIDprovider","SecondaryAttribute":"Which GRC solution does your organization primarily use today?","TertiaryAttribute":null,"Payload":{"QuestionText":"Which GRC solution does your organization primarily use today?","DefaultChoices":false,"DataExportTag":"profile_provider_raw","QuestionType":"MC","Selector":"SAVR","SubSelector":"TX","Configuration":{"QuestionDescriptionOption":"UseText"},"QuestionDescription":"Which GRC solution does your organization primarily use today?","Choices":{"1":{"Display":"ServiceNow GRC"},"2":{"Display":"MetricStream"},"3":{"Display":"LogicGate"},"4":{"Display":"Workiva"},"5":{"Display":"Vanta"},"6":{"Display":"Drata"},"7":{"Display":"Hyperproof"},"8":{"Display":"IBM OpenPages / Archer"},"9":{"Display":"Optro (AuditBoard)"},"10":{"Display":"Other (please specify)","TextEntry":"true","TextEntrySize":"Single"}},"ChoiceOrder":[1,2,3,4,5,6,7,8,9,10],"Validation":{"Settings":{"ForceResponse":"OFF","ForceResponseType":"ON","Type":"None"}},"GradingData":[],"Language":[],"QuestionID":"QIDprovider","DataVisibility":{"Private":false,"Hidden":false}}},{"SurveyID":"SV_grcAcbc2026","Element":"SQ","PrimaryAttribute":"QIDdeployment","SecondaryAttribute":"What are your organization's deployment requirements?","TertiaryAttribute":null,"Payload":{"QuestionText":"What are your organization's deployment requirements?","DefaultChoices":false,"DataExportTag":"profile_deployment_raw","QuestionType":"MC","Selector":"SAVR","SubSelector":"TX","Configuration":{"QuestionDescriptionOption":"UseText"},"QuestionDescription":"What are your organization's deployment requirements?","Choices":{"1":{"Display":"No special requirements (shared SaaS is fine)","RecodeValue":"1"},"2":{"Display":"Tenant-isolated cloud deployment","RecodeValue":"2"},"3":{"Display":"Customer-managed encryption keys (BYOK/CMK)","RecodeValue":"3"},"4":{"Display":"On-premises deployment required","RecodeValue":"4"}},"ChoiceOrder":[1,2,3,4],"Validation":{"Settings":{"ForceResponse":"OFF","ForceResponseType":"ON","Type":"None"}},"GradingData":[],"Language":[],"QuestionID":"QIDdeployment","DataVisibility":{"Private":false,"Hidden":false}}},{"SurveyID":"SV_grcAcbc2026","Element":"SQ","PrimaryAttribute":"QIDaicomfort","SecondaryAttribute":"How comfortable is your organization with AI making compliance decisions autonom","TertiaryAttribute":null,"Payload":{"QuestionText":"How comfortable is your organization with AI making compliance decisions autonomously?","DefaultChoices":false,"DataExportTag":"profile_aicomfort_raw","QuestionType":"MC","Selector":"SAVR","SubSelector":"TX","Configuration":{"QuestionDescriptionOption":"UseText"},"QuestionDescription":"AI autonomy comfort level","Choices":{"1":{"Display":"AI should only assist; humans approve all actions","RecodeValue":"1"},"2":{"Display":"AI can execute low-risk tasks with my oversight","RecodeValue":"2"},"3":{"Display":"AI can handle routine compliance tasks; I review exceptions","RecodeValue":"3"},"4":{"Display":"AI should take significant action; I review outcomes","RecodeValue":"4"},"5":{"Display":"AI should operate autonomously across all compliance areas","RecodeValue":"5"}},"ChoiceOrder":[1,2,3,4,5],"Validation":{"Settings":{"ForceResponse":"OFF","ForceResponseType":"ON","Type":"None"}},"GradingData":[],"Language":[],"QuestionJS":"/* profile-builder.js\n * Paste into OnSubmit for the last profile question (e.g., QID_ai_comfort).\n * Reads answered profile questions and writes structured Embedded Data fields\n * consumed by the /init Web Service call.\n *\n * Replace QID_XXX with actual Qualtrics question IDs.\n * Recode values are set on each question's answer choices in Qualtrics.\n */\n\nQualtrics.SurveyEngine.addOnPageSubmit(function () {\n  // Segment — recode: 1=smb, 2=midmarket, 3=enterprise, 4=large_enterprise\n  var segmentMap = { '1': 'smb', '2': 'midmarket', '3': 'enterprise', '4': 'large_enterprise' };\n  var segmentRaw = Qualtrics.SurveyEngine.getEmbeddedData('QID_segment_recode');\n  Qualtrics.SurveyEngine.setEmbeddedData(\n    'profile_segment',\n    segmentMap[segmentRaw] || segmentRaw || ''\n  );\n\n  // Current provider — free text (QID_provider ChoiceTextEntryValue)\n  var provider = Qualtrics.SurveyEngine.getEmbeddedData('QID_provider_text');\n  Qualtrics.SurveyEngine.setEmbeddedData('profile_currentProvider', provider || '');\n\n  // Regulatory frameworks — multi-select recodes, pipe-delimited\n  // Set on QID_frameworks via SelectedChoicesRecode in Survey Flow\n  var frameworks = Qualtrics.SurveyEngine.getEmbeddedData('QID_frameworks_recodes') || '';\n  // Convert \"SOX|ISO27001|SOC2\" to JSON array string\n  var frameworkList = frameworks.split('|').filter(function (f) { return f.length > 0; });\n  Qualtrics.SurveyEngine.setEmbeddedData(\n    'profile_frameworks',\n    JSON.stringify(frameworkList)\n  );\n\n  // Deployment preference — recode: 1=shared_saas, 2=tenant_isolated, 3=cmk, 4=on_prem\n  var deployMap = {\n    '1': 'shared_saas', '2': 'tenant_isolated',\n    '3': 'cmk', '4': 'on_prem',\n  };\n  var deployRaw = Qualtrics.SurveyEngine.getEmbeddedData('QID_deployment_recode');\n  Qualtrics.SurveyEngine.setEmbeddedData(\n    'profile_deploymentPref',\n    deployMap[deployRaw] || deployRaw || ''\n  );\n\n  // AI comfort — recode maps to ai_autonomy level IDs\n  var aiMap = {\n    '1': 'zero_ai',\n    '2': 'ai_suggests',\n    '3': 'ai_executes_approved',\n    '4': 'ai_auto_spot',\n    '5': 'fully_auto',\n  };\n  var aiRaw = Qualtrics.SurveyEngine.getEmbeddedData('QID_ai_comfort_recode');\n  Qualtrics.SurveyEngine.setEmbeddedData(\n    'profile_aiComfort',\n    aiMap[aiRaw] || aiRaw || ''\n  );\n\n  // TPRM active — recode: 1=yes, 2=no\n  var tprmRaw = Qualtrics.SurveyEngine.getEmbeddedData('QID_tprm_recode');\n  Qualtrics.SurveyEngine.setEmbeddedData('profile_tprmActive', tprmRaw === '1' ? 'yes' : 'no');\n\n  // Product area, recode: 1=controls_sox, 2=internal_audit, 3=tprm, 4=enterprise_risk, 5=compliance\n  // Qualtrics-side profile field only; not sent to the engine /init request.\n  var productAreaMap = {\n    '1': 'controls_sox',\n    '2': 'internal_audit',\n    '3': 'tprm',\n    '4': 'enterprise_risk',\n    '5': 'compliance',\n  };\n  var productAreaRaw = Qualtrics.SurveyEngine.getEmbeddedData('QID_product_area_recode');\n  Qualtrics.SurveyEngine.setEmbeddedData(\n    'profile_product_area',\n    productAreaMap[productAreaRaw] || productAreaRaw || ''\n  );\n\n  // Time-to-value importance, recode: 1=not_important, 2=somewhat_important,\n  // 3=important, 4=critical_under_90_days\n  // Qualtrics-side profile field only; not sent to the engine /init request.\n  var ttvImportanceMap = {\n    '1': 'not_important',\n    '2': 'somewhat_important',\n    '3': 'important',\n    '4': 'critical_under_90_days',\n  };\n  var ttvImportanceRaw = Qualtrics.SurveyEngine.getEmbeddedData('QID_ttv_importance_recode');\n  Qualtrics.SurveyEngine.setEmbeddedData(\n    'profile_ttv_importance',\n    ttvImportanceMap[ttvImportanceRaw] || ttvImportanceRaw || ''\n  );\n\n  // Log the complete profile so developers can inspect all 8 fields in the browser console.\n  console.log('[profile] fields written:', {\n    profile_segment: Qualtrics.SurveyEngine.getEmbeddedData('profile_segment'),\n    profile_currentProvider: Qualtrics.SurveyEngine.getEmbeddedData('profile_currentProvider'),\n    profile_frameworks: Qualtrics.SurveyEngine.getEmbeddedData('profile_frameworks'),\n    profile_deploymentPref: Qualtrics.SurveyEngine.getEmbeddedData('profile_deploymentPref'),\n    profile_aiComfort: Qualtrics.SurveyEngine.getEmbeddedData('profile_aiComfort'),\n    profile_tprmActive: Qualtrics.SurveyEngine.getEmbeddedData('profile_tprmActive'),\n    profile_product_area: Qualtrics.SurveyEngine.getEmbeddedData('profile_product_area'),\n    profile_ttv_importance: Qualtrics.SurveyEngine.getEmbeddedData('profile_ttv_importance'),\n  });\n});\n","QuestionID":"QIDaicomfort","DataVisibility":{"Private":false,"Hidden":false}}},{"SurveyID":"SV_grcAcbc2026","Element":"SQ","PrimaryAttribute":"QIDtprm","SecondaryAttribute":"Does your organization actively manage third-party vendor risk (TPRM) using a fo","TertiaryAttribute":null,"Payload":{"QuestionText":"Does your organization actively manage third-party vendor risk (TPRM) using a formal program or tool?","DefaultChoices":false,"DataExportTag":"profile_tprm_raw","QuestionType":"MC","Selector":"SAVR","SubSelector":"TX","Configuration":{"QuestionDescriptionOption":"UseText"},"QuestionDescription":"Does your organization actively manage third-party vendor risk (TPRM) using a fo","Choices":{"1":{"Display":"Yes","RecodeValue":"1"},"2":{"Display":"No","RecodeValue":"2"}},"ChoiceOrder":[1,2],"Validation":{"Settings":{"ForceResponse":"OFF","ForceResponseType":"ON","Type":"None"}},"GradingData":[],"Language":[],"QuestionID":"QIDtprm","DataVisibility":{"Private":false,"Hidden":false}}},{"SurveyID":"SV_grcAcbc2026","Element":"SQ","PrimaryAttribute":"QIDproductarea","SecondaryAttribute":"Which product area do you primarily evaluate or use?","TertiaryAttribute":null,"Payload":{"QuestionText":"Which product area do you primarily evaluate or use?","DefaultChoices":false,"DataExportTag":"profile_product_area_raw","QuestionType":"MC","Selector":"SAVR","SubSelector":"TX","Configuration":{"QuestionDescriptionOption":"UseText"},"QuestionDescription":"Which product area do you primarily evaluate or use?","Choices":{"1":{"Display":"Controls / SOX Testing","RecodeValue":"1"},"2":{"Display":"Internal Audit","RecodeValue":"2"},"3":{"Display":"Third-Party Risk (TPRM)","RecodeValue":"3"},"4":{"Display":"Enterprise Risk","RecodeValue":"4"},"5":{"Display":"Compliance","RecodeValue":"5"}},"ChoiceOrder":[1,2,3,4,5],"Validation":{"Settings":{"ForceResponse":"OFF","ForceResponseType":"ON","Type":"None"}},"GradingData":[],"Language":[],"QuestionID":"QIDproductarea","DataVisibility":{"Private":false,"Hidden":false}}},{"SurveyID":"SV_grcAcbc2026","Element":"SQ","PrimaryAttribute":"QIDttv","SecondaryAttribute":"When choosing a GRC platform, how important is fast time to first value (going l","TertiaryAttribute":null,"Payload":{"QuestionText":"When choosing a GRC platform, how important is fast time to first value (going live)?","DefaultChoices":false,"DataExportTag":"profile_ttv_importance_raw","QuestionType":"MC","Selector":"SAVR","SubSelector":"TX","Configuration":{"QuestionDescriptionOption":"UseText"},"QuestionDescription":"When choosing a GRC platform, how important is fast time to first value (going l","Choices":{"1":{"Display":"Not important","RecodeValue":"1"},"2":{"Display":"Somewhat important","RecodeValue":"2"},"3":{"Display":"Important","RecodeValue":"3"},"4":{"Display":"Critical (must be live in under 90 days)","RecodeValue":"4"}},"ChoiceOrder":[1,2,3,4],"Validation":{"Settings":{"ForceResponse":"OFF","ForceResponseType":"ON","Type":"None"}},"GradingData":[],"Language":[],"QuestionID":"QIDttv","DataVisibility":{"Private":false,"Hidden":false}}},{"SurveyID":"SV_grcAcbc2026","Element":"SQ","PrimaryAttribute":"QID_acbc","SecondaryAttribute":"<!-- GRC ACBC Task: base container -->\n<!-- grc-acbc-task.js replaces #acbc-task","TertiaryAttribute":null,"Payload":{"QuestionText":"<!-- GRC ACBC Task: base container -->\n<!-- grc-acbc-task.js replaces #acbc-task-content based on taskType -->\n<div id=\"acbc-task-wrapper\" style=\"font-family: inherit; max-width: 900px; margin: 0 auto;\">\n\n  <!-- Task prompt (JS replaces text) -->\n  <p id=\"acbc-prompt\" style=\"font-size:1.05em; font-weight:600; margin-bottom:1.2em;\"></p>\n\n  <!-- BYO: one dropdown per in_byo attribute -->\n  <div id=\"acbc-byo-container\" style=\"display:none;\">\n    <!-- JS renders dropdowns here -->\n  </div>\n\n  <!-- Screening: concept cards side by side -->\n  <div id=\"acbc-screening-container\"\n       style=\"display:flex; gap:1rem; flex-wrap:wrap; margin-bottom:1rem;\">\n    <!-- JS renders concept cards here -->\n  </div>\n\n  <!-- Confirm: rule confirmation buttons -->\n  <div id=\"acbc-confirm-container\" style=\"display:none; padding:1rem;\n       background:#fff3cd; border-left:4px solid #ffc107; border-radius:6px;\">\n    <p id=\"acbc-confirm-message\"></p>\n    <label style=\"margin-right:1.5rem;\">\n      <input type=\"radio\" name=\"acbc-confirm-radio\" value=\"confirm\" /> Yes, this is correct\n    </label>\n    <label>\n      <input type=\"radio\" name=\"acbc-confirm-radio\" value=\"reject\" /> No, let me reconsider\n    </label>\n  </div>\n\n  <!-- Tournament: 3-column attribute comparison table -->\n  <div id=\"acbc-tournament-container\" style=\"display:none;\">\n    <table id=\"acbc-tournament-table\"\n           style=\"width:100%; border-collapse:collapse; margin-bottom:1rem;\">\n      <!-- JS renders thead + tbody here -->\n    </table>\n    <div id=\"acbc-tournament-choices\" style=\"display:flex; gap:1rem; flex-wrap:wrap;\">\n      <!-- JS renders radio buttons here -->\n    </div>\n  </div>\n\n  <!-- Calibration: winner profile + Likert -->\n  <div id=\"acbc-calibration-container\" style=\"display:none;\">\n    <div id=\"acbc-calibration-concept\" style=\"margin-bottom:1rem;\"></div>\n    <div id=\"acbc-calibration-scale\" style=\"display:flex; gap:0.5rem; align-items:center;\">\n      <!-- JS renders 1-5 scale here -->\n    </div>\n  </div>\n\n  <!-- Hidden fields written by JS, read by OnSubmit -->\n  <input type=\"hidden\" id=\"acbc-choice-payload\" value=\"\" />\n\n</div>\n","DefaultChoices":false,"DataExportTag":"acbc_task","QuestionType":"MC","Selector":"SAVR","SubSelector":"TX","Configuration":{"QuestionDescriptionOption":"UseText"},"QuestionDescription":"GRC Platform Evaluation Task (ACBC — rendered by JS)","Choices":{"1":{"Display":"[Task rendered by grc-acbc-task.js: do not modify]"}},"ChoiceOrder":[1],"Validation":{"Settings":{"ForceResponse":"OFF","ForceResponseType":"ON","Type":"None"}},"GradingData":[],"Language":[],"QuestionJS":"/* grc-acbc-task.js\n * Paste into the \"JavaScript\" editor of the Qualtrics ACBC Task question.\n * OnLoad: reads acbcTaskJson embedded data, renders the correct UI.\n * OnSubmit: captures choice, writes to acbcChoice + acbcTaskId + acbcTaskType.\n */\n\nQualtrics.SurveyEngine.addOnload(function () {\n  var self = this;\n\n  // Piped text resolves at page-load time — safe to read synchronously.\n  var rawTask = '${e://Field/acbcTaskJson}';\n  if (!rawTask || rawTask === '${e://Field/acbcTaskJson}') {\n    // Fallback: no task JSON available (preview / first load before init)\n    document.getElementById('acbc-prompt').textContent =\n      'Loading your survey, please wait...';\n    return;\n  }\n\n  var task;\n  try { task = JSON.parse(rawTask); } catch (e) {\n    document.getElementById('acbc-prompt').textContent =\n      'Survey configuration error. Please contact the study team.';\n    return;\n  }\n\n  console.log('[acbc] addOnload parsed task:', task.taskType, 'taskId:', task.taskId);\n\n  // Write prompt\n  document.getElementById('acbc-prompt').textContent = task.prompt;\n\n  // Hide all containers, then show the right one\n  var containers = [\n    'acbc-byo-container',\n    'acbc-screening-container',\n    'acbc-confirm-container',\n    'acbc-tournament-container',\n    'acbc-calibration-container',\n  ];\n  containers.forEach(function (id) {\n    var el = document.getElementById(id);\n    if (el) el.style.display = 'none';\n  });\n\n  switch (task.taskType) {\n    case 'byo':         renderBYO(task); break;\n    case 'screening':   renderScreening(task); break;\n    case 'confirm':     renderConfirm(task); break;\n    case 'tournament':  renderTournament(task); break;\n    case 'calibration': renderCalibration(task); break;\n  }\n});\n\nQualtrics.SurveyEngine.addOnPageSubmit(function () {\n  var rawTask = '${e://Field/acbcTaskJson}';\n  if (!rawTask) return;\n  var task;\n  try { task = JSON.parse(rawTask); } catch (e) { return; }\n\n  var choice = collectChoice(task);\n  console.log('[acbc] addOnPageSubmit choice:', choice);\n  Qualtrics.SurveyEngine.setEmbeddedData('acbcChoice', JSON.stringify(choice));\n  Qualtrics.SurveyEngine.setEmbeddedData('acbcTaskId', task.taskId);\n  Qualtrics.SurveyEngine.setEmbeddedData('acbcTaskType', task.taskType);\n  // Log full task for provenance (mirrors Leeper's traits logging pattern)\n  Qualtrics.SurveyEngine.setEmbeddedData('acbcLastTaskFull', rawTask);\n});\n\n// ---------------------------------------------------------------------------\n// Renderers\n// ---------------------------------------------------------------------------\n\nfunction renderBYO(task) {\n  console.log('[acbc] renderBYO', (task.attributes || []).length, 'attributes');\n  var container = document.getElementById('acbc-byo-container');\n  container.style.display = 'block';\n  container.innerHTML = (task.attributes || []).map(function (attr) {\n    var options = attr.levels.map(function (level) {\n      return '<option value=\"' + esc(level.id) + '\">' + esc(level.label) + '</option>';\n    }).join('');\n    return (\n      '<div style=\"margin-bottom:1rem;\">' +\n        '<label style=\"font-weight:600; display:block; margin-bottom:0.4rem;\">' +\n          esc(attr.label) +\n        '</label>' +\n        '<select id=\"byo-' + esc(attr.id) + '\" ' +\n                'data-attr-id=\"' + esc(attr.id) + '\" ' +\n                'style=\"padding:0.4rem 0.8rem; border:1px solid #ccc; border-radius:4px; width:100%; max-width:340px;\">' +\n          '<option value=\"\">-- Select --</option>' +\n          options +\n        '</select>' +\n      '</div>'\n    );\n  }).join('');\n}\n\nfunction renderScreening(task) {\n  console.log('[acbc] renderScreening', (task.concepts || []).length, 'concepts');\n  var container = document.getElementById('acbc-screening-container');\n  container.style.removeProperty('display');\n  container.style.display = 'flex';\n  container.innerHTML = (task.concepts || []).map(function (concept) {\n    var rows = (concept.attributes || []).map(function (a) {\n      return (\n        '<div style=\"display:flex; justify-content:space-between; padding:0.35rem 0; ' +\n                    'border-bottom:1px solid #f0f0f0;\">' +\n          '<span style=\"color:#666; font-size:0.9em;\">' + esc(a.label) + '</span>' +\n          '<span style=\"font-weight:600; font-size:0.9em;\">' + esc(a.level) + '</span>' +\n        '</div>'\n      );\n    }).join('');\n    return (\n      '<div data-concept-id=\"' + esc(concept.id) + '\" ' +\n           'style=\"flex:1; min-width:220px; border:1px solid #ddd; border-radius:8px; ' +\n                  'overflow:hidden; background:#fff;\">' +\n        '<div style=\"padding:0.75rem 1rem; background:#2d5fa8; color:#fff; font-weight:600;\">' +\n          'Platform Option' +\n        '</div>' +\n        '<div style=\"padding:0.75rem 1rem;\">' + rows + '</div>' +\n        '<div style=\"padding:0.75rem 1rem; background:#f8f9fa; display:flex; gap:0.75rem;\">' +\n          '<label style=\"flex:1; text-align:center; cursor:pointer;\">' +\n            '<input type=\"radio\" name=\"screen-' + esc(concept.id) + '\" value=\"possible\" ' +\n                   'style=\"margin-right:0.4rem;\" />' +\n            'Possible' +\n          '</label>' +\n          '<label style=\"flex:1; text-align:center; cursor:pointer;\">' +\n            '<input type=\"radio\" name=\"screen-' + esc(concept.id) + '\" value=\"not-possible\" ' +\n                   'style=\"margin-right:0.4rem;\" />' +\n            'Not possible' +\n          '</label>' +\n        '</div>' +\n      '</div>'\n    );\n  }).join('');\n}\n\nfunction renderConfirm(task) {\n  var container = document.getElementById('acbc-confirm-container');\n  container.style.display = 'block';\n  var rule = task.candidateRule;\n  if (!rule) return;\n  var msg = rule.kind === 'mustHave'\n    ? 'It appears <strong>' + esc(rule.attributeLabel) +\n      ': ' + esc(rule.levelLabel) + '</strong> is a must-have for you. Is that right?'\n    : 'It appears <strong>' + esc(rule.attributeLabel) +\n      ': ' + esc(rule.levelLabel) + '</strong> is a deal-breaker for you. Is that right?';\n  document.getElementById('acbc-confirm-message').innerHTML = msg;\n}\n\nfunction renderTournament(task) {\n  console.log('[acbc] renderTournament', (task.concepts || []).length, 'concepts');\n  var container = document.getElementById('acbc-tournament-container');\n  container.style.display = 'block';\n  var concepts = task.concepts || [];\n  var grayed = task.grayedAttributes || [];\n  var allAttrs = concepts.length ? concepts[0].attributes : [];\n\n  // Build table header\n  var headerCells = concepts.map(function (_, i) {\n    return '<th style=\"padding:0.6rem 1rem; background:#2d5fa8; color:#fff;\">Option ' +\n      (i + 1) + '</th>';\n  }).join('');\n\n  // Build attribute rows\n  var attrRows = allAttrs.map(function (attr) {\n    var isGrayed = grayed.indexOf(attr.id) >= 0;\n    var rowStyle = isGrayed\n      ? 'color:#999; font-style:italic;'\n      : '';\n    var cells = concepts.map(function (c) {\n      var level = (c.attributes.filter(function (a) { return a.id === attr.id; })[0] || {}).level || 'n/a';\n      return '<td style=\"padding:0.6rem 1rem; border-bottom:1px solid #eee; ' +\n        rowStyle + '\">' + esc(level) + '</td>';\n    }).join('');\n    return (\n      '<tr>' +\n        '<th style=\"padding:0.6rem 1rem; text-align:left; background:#f8f9fa; ' +\n             'border-bottom:1px solid #eee; ' + rowStyle + '\">' +\n          esc(attr.label) +\n        '</th>' +\n        cells +\n      '</tr>'\n    );\n  }).join('');\n\n  document.getElementById('acbc-tournament-table').innerHTML =\n    '<thead><tr>' +\n      '<th style=\"padding:0.6rem 1rem; background:#2d5fa8; color:#fff;\">Attribute</th>' +\n      headerCells +\n    '</tr></thead><tbody>' + attrRows + '</tbody>';\n\n  // Radio buttons\n  var radios = concepts.map(function (concept, i) {\n    return (\n      '<label style=\"cursor:pointer; padding:0.6rem 1.2rem; border:2px solid #ddd; ' +\n             'border-radius:6px; display:flex; align-items:center; gap:0.5rem;\">' +\n        '<input type=\"radio\" name=\"acbc-tournament-radio\" value=\"' + esc(concept.id) + '\" />' +\n        'Choose Option ' + (i + 1) +\n      '</label>'\n    );\n  }).join('');\n  var noneRadio =\n    '<label style=\"cursor:pointer; padding:0.6rem 1.2rem; border:2px solid #ddd; ' +\n           'border-radius:6px; display:flex; align-items:center; gap:0.5rem;\">' +\n      '<input type=\"radio\" name=\"acbc-tournament-radio\" value=\"none\" />' +\n      'None of these. We would keep our current approach, build it in-house, or use custom GPTs instead.' +\n    '</label>';\n  document.getElementById('acbc-tournament-choices').innerHTML = radios + noneRadio;\n}\n\nfunction renderCalibration(task) {\n  console.log('[acbc] renderCalibration winner concept id:', task.winnerConcept ? task.winnerConcept.id : 'none');\n  var container = document.getElementById('acbc-calibration-container');\n  container.style.display = 'block';\n  var winner = task.winnerConcept;\n  if (winner) {\n    var rows = (winner.attributes || []).map(function (a) {\n      return (\n        '<div style=\"display:flex; justify-content:space-between; padding:0.35rem 0; ' +\n                    'border-bottom:1px solid #f0f0f0;\">' +\n          '<span style=\"color:#666;\">' + esc(a.label) + '</span>' +\n          '<span style=\"font-weight:600;\">' + esc(a.level) + '</span>' +\n        '</div>'\n      );\n    }).join('');\n    document.getElementById('acbc-calibration-concept').innerHTML =\n      '<div style=\"border:1px solid #ddd; border-radius:8px; overflow:hidden;\">' +\n        '<div style=\"padding:0.75rem 1rem; background:#2d5fa8; color:#fff; font-weight:600;\">' +\n          'Your Best-Matched Platform' +\n        '</div>' +\n        '<div style=\"padding:0.75rem 1rem;\">' + rows + '</div>' +\n      '</div>';\n  }\n  var scaleLabels = [\n    '1: Definitely would not purchase',\n    '2', '3', '4',\n    '5: Definitely would purchase',\n  ];\n  var radios = scaleLabels.map(function (label, i) {\n    return (\n      '<label style=\"cursor:pointer; flex:1; text-align:center; padding:0.5rem; ' +\n             'border:2px solid #ddd; border-radius:6px; font-size:0.85em;\">' +\n        '<input type=\"radio\" name=\"acbc-calibration-radio\" value=\"' + (i + 1) + '\" ' +\n               'style=\"display:block; margin:0 auto 0.3rem;\" />' +\n        esc(label) +\n      '</label>'\n    );\n  }).join('');\n  document.getElementById('acbc-calibration-scale').innerHTML = radios;\n}\n\n// ---------------------------------------------------------------------------\n// Choice collector — called OnSubmit\n// ---------------------------------------------------------------------------\n\nfunction collectChoice(task) {\n  if (task.taskType === 'byo') {\n    var choices = {};\n    var selects = document.querySelectorAll('#acbc-byo-container select');\n    selects.forEach(function (sel) {\n      choices[sel.getAttribute('data-attr-id')] = sel.value;\n    });\n    return choices;\n  }\n  if (task.taskType === 'screening') {\n    var choices = {};\n    (task.concepts || []).forEach(function (concept) {\n      var checked = document.querySelector(\n        'input[name=\"screen-' + concept.id + '\"]:checked'\n      );\n      if (checked) choices[concept.id] = checked.value;\n    });\n    return choices;\n  }\n  if (task.taskType === 'confirm') {\n    var checked = document.querySelector('input[name=\"acbc-confirm-radio\"]:checked');\n    return { confirm_decision: checked ? checked.value : '' };\n  }\n  if (task.taskType === 'tournament') {\n    var checked = document.querySelector('input[name=\"acbc-tournament-radio\"]:checked');\n    return { tournament_choice: checked ? checked.value : '' };\n  }\n  if (task.taskType === 'calibration') {\n    var checked = document.querySelector('input[name=\"acbc-calibration-radio\"]:checked');\n    return { purchase_intent: checked ? checked.value : '' };\n  }\n  return {};\n}\n\n// ---------------------------------------------------------------------------\n// XSS-safe escape (Qualtrics renders innerHTML directly)\n// ---------------------------------------------------------------------------\n\nfunction esc(str) {\n  if (!str) return '';\n  return String(str)\n    .replace(/&/g, '&amp;')\n    .replace(/</g, '&lt;')\n    .replace(/>/g, '&gt;')\n    .replace(/\"/g, '&quot;');\n}\n","QuestionID":"QID_acbc","DataVisibility":{"Private":false,"Hidden":false}}},{"SurveyID":"SV_grcAcbc2026","Element":"SQ","PrimaryAttribute":"QID_co1","SecondaryAttribute":"What industry best describes your organization? <em>(Optional)</em>","TertiaryAttribute":null,"Payload":{"QuestionText":"What industry best describes your organization? <em>(Optional)</em>","DefaultChoices":false,"DataExportTag":"firmographic_industry","QuestionType":"MC","Selector":"SAVR","SubSelector":"TX","Configuration":{"QuestionDescriptionOption":"UseText"},"QuestionDescription":"What industry best describes your organization? <em>(Optional)</em>","Choices":{"1":{"Display":"Financial Services / Banking","RecodeValue":"1"},"2":{"Display":"Healthcare / Life Sciences","RecodeValue":"2"},"3":{"Display":"Technology / SaaS","RecodeValue":"3"},"4":{"Display":"Manufacturing / Industrial","RecodeValue":"4"},"5":{"Display":"Retail / Consumer Goods","RecodeValue":"5"},"6":{"Display":"Government / Public Sector","RecodeValue":"6"},"7":{"Display":"Professional Services","RecodeValue":"7"},"8":{"Display":"Other","RecodeValue":"8"}},"ChoiceOrder":[1,2,3,4,5,6,7,8],"Validation":{"Settings":{"ForceResponse":"OFF","ForceResponseType":"ON","Type":"None"}},"GradingData":[],"Language":[],"QuestionID":"QID_co1","DataVisibility":{"Private":false,"Hidden":false}}},{"SurveyID":"SV_grcAcbc2026","Element":"SQ","PrimaryAttribute":"QID_thanks","SecondaryAttribute":"<h2>Thank you!</h2><p>Your responses have been recorded. We appreciate your time","TertiaryAttribute":null,"Payload":{"QuestionText":"<h2>Thank you!</h2><p>Your responses have been recorded. We appreciate your time and insights. This research will help inform how GRC platforms evolve to meet your needs.</p>","DefaultChoices":false,"DataExportTag":"thanks","QuestionType":"DB","Selector":"TB","Configuration":{"QuestionDescriptionOption":"UseText"},"QuestionDescription":"<h2>Thank you!</h2><p>Your responses have been recorded. We appreciate your time","GradingData":[],"Language":[],"QuestionID":"QID_thanks","DataVisibility":{"Private":false,"Hidden":false}}}]}